
Microsoft Visual Studio Solution File, Format Version 12.00
# Visual Studio Version 17
VisualStudioVersion = 17.5.33627.172
MinimumVisualStudioVersion = 10.0.40219.1
Project("{FAE04EC0-301F-11D3-BF4B-00C04F79EFBC}") = "EstruturaHierarquica", "EstruturaHierarquica\EstruturaHierarquica.csproj", "{3EBEA0C7-1BA2-439C-9533-19B19E06F754}"
EndProject
Project("{2150E333-8FDC-42A3-9474-1A3956D46DE8}") = "Tarefa_1", "Tarefa_1", "{09AC1499-45A9-4421-8134-FB224175F584}"
EndProject
Project("{2150E333-8FDC-42A3-9474-1A3956D46DE8}") = "Tarefa_2", "Tarefa_2", "{6602BA0C-ECDE-4231-ABBF-AEB908A4E8C6}"
	ProjectSection(SolutionItems) = preProject
		CREATE TABLES.sql = CREATE TABLES.sql
		INSERTINTO.sql = INSERTINTO.sql
		SELECTSALARIOMAIORPORDEPARTAMENTO.sql = SELECTSALARIOMAIORPORDEPARTAMENTO.sql
	EndProjectSection
EndProject
Global
	GlobalSection(SolutionConfigurationPlatforms) = preSolution
		Debug|Any CPU = Debug|Any CPU
		Release|Any CPU = Release|Any CPU
	EndGlobalSection
	GlobalSection(ProjectConfigurationPlatforms) = postSolution
		{3EBEA0C7-1BA2-439C-9533-19B19E06F754}.Debug|Any CPU.ActiveCfg = Debug|Any CPU
		{3EBEA0C7-1BA2-439C-9533-19B19E06F754}.Debug|Any CPU.Build.0 = Debug|Any CPU
		{3EBEA0C7-1BA2-439C-9533-19B19E06F754}.Release|Any CPU.ActiveCfg = Release|Any CPU
		{3EBEA0C7-1BA2-439C-9533-19B19E06F754}.Release|Any CPU.Build.0 = Release|Any CPU
	EndGlobalSection
	GlobalSection(SolutionProperties) = preSolution
		HideSolutionNode = FALSE
	EndGlobalSection
	GlobalSection(NestedProjects) = preSolution
		{3EBEA0C7-1BA2-439C-9533-19B19E06F754} = {09AC1499-45A9-4421-8134-FB224175F584}
	EndGlobalSection
	GlobalSection(ExtensibilityGlobals) = postSolution
		SolutionGuid = {F63F9125-3691-466C-910A-E64DBFE11D44}
	EndGlobalSection
EndGlobal
